{
  "name": "JavaScript",
  "version": "1.0.0",
  "lockfileVersion": 1,
  "requires": true,
  "dependencies": {
    "pidcrypt": {
      "version": "0.0.31",
      "resolved": "https://registry.npmjs.org/pidcrypt/-/pidcrypt-0.0.31.tgz",
      "integrity": "sha1-+elmzOf0nuE8Ynnz7jTlMrGWAdM="
    }
  }
}
